
Microsoft Visual Studio Solution File, Format Version 12.00
# Visual Studio Version 16
VisualStudioVersion = 16.0.31424.327
MinimumVisualStudioVersion = 10.0.40219.1
Project("{9A19103F-16F7-4668-BE54-9A1E7A4F7556}") = "Velusia.Server", "Velusia\Velusia.Server\Velusia.Server.csproj", "{9585B4FC-7E51-40CC-A4B1-61A4F3A8FEB2}"
EndProject
Project("{9A19103F-16F7-4668-BE54-9A1E7A4F7556}") = "Velusia.Client", "Velusia\Velusia.Client\Velusia.Client.csproj", "{8C802F0C-C6FC-4384-85AD-E24176E42529}"
EndProject
Project("{FAE04EC0-301F-11D3-BF4B-00C04F79EFBC}") = "OrchardCore.Cms.Web", "OrchardCore.Cms.Web\OrchardCore.Cms.Web.csproj", "{4BB2A517-BA39-4C4C-AB3D-77AA873A802D}"
EndProject
Global
	GlobalSection(SolutionConfigurationPlatforms) = preSolution
		Debug|Any CPU = Debug|Any CPU
		Release|Any CPU = Release|Any CPU
	EndGlobalSection
	GlobalSection(ProjectConfigurationPlatforms) = postSolution
		{9585B4FC-7E51-40CC-A4B1-61A4F3A8FEB2}.Debug|Any CPU.ActiveCfg = Debug|Any CPU
		{9585B4FC-7E51-40CC-A4B1-61A4F3A8FEB2}.Debug|Any CPU.Build.0 = Debug|Any CPU
		{9585B4FC-7E51-40CC-A4B1-61A4F3A8FEB2}.Release|Any CPU.ActiveCfg = Release|Any CPU
		{9585B4FC-7E51-40CC-A4B1-61A4F3A8FEB2}.Release|Any CPU.Build.0 = Release|Any CPU
		{8C802F0C-C6FC-4384-85AD-E24176E42529}.Debug|Any CPU.ActiveCfg = Debug|Any CPU
		{8C802F0C-C6FC-4384-85AD-E24176E42529}.Debug|Any CPU.Build.0 = Debug|Any CPU
		{8C802F0C-C6FC-4384-85AD-E24176E42529}.Release|Any CPU.ActiveCfg = Release|Any CPU
		{8C802F0C-C6FC-4384-85AD-E24176E42529}.Release|Any CPU.Build.0 = Release|Any CPU
		{4BB2A517-BA39-4C4C-AB3D-77AA873A802D}.Debug|Any CPU.ActiveCfg = Debug|Any CPU
		{4BB2A517-BA39-4C4C-AB3D-77AA873A802D}.Debug|Any CPU.Build.0 = Debug|Any CPU
		{4BB2A517-BA39-4C4C-AB3D-77AA873A802D}.Release|Any CPU.ActiveCfg = Release|Any CPU
		{4BB2A517-BA39-4C4C-AB3D-77AA873A802D}.Release|Any CPU.Build.0 = Release|Any CPU
	EndGlobalSection
	GlobalSection(SolutionProperties) = preSolution
		HideSolutionNode = FALSE
	EndGlobalSection
	GlobalSection(ExtensibilityGlobals) = postSolution
		SolutionGuid = {84ADDB34-82AD-428C-AACA-3F1736CBC069}
	EndGlobalSection
EndGlobal
